
Microsoft Visual Studio Solution File, Format Version 12.00
# Visual Studio 15
VisualStudioVersion = 15.0.26730.12
MinimumVisualStudioVersion = 10.0.40219.1
Project("{FAE04EC0-301F-11D3-BF4B-00C04F79EFBC}") = "MyFirstWebApp", "MyFirstWebApp\MyFirstWebApp.csproj", "{055FD733-E496-476C-86B1-73F096C02CCA}"
EndProject
Global
	GlobalSection(SolutionConfigurationPlatforms) = preSolution
		Debug|Any CPU = Debug|Any CPU
		Release|Any CPU = Release|Any CPU
	EndGlobalSection
	GlobalSection(ProjectConfigurationPlatforms) = postSolution
		{055FD733-E496-476C-86B1-73F096C02CCA}.Debug|Any CPU.ActiveCfg = Debug|Any CPU
		{055FD733-E496-476C-86B1-73F096C02CCA}.Debug|Any CPU.Build.0 = Debug|Any CPU
		{055FD733-E496-476C-86B1-73F096C02CCA}.Release|Any CPU.ActiveCfg = Release|Any CPU
		{055FD733-E496-476C-86B1-73F096C02CCA}.Release|Any CPU.Build.0 = Release|Any CPU
	EndGlobalSection
	GlobalSection(SolutionProperties) = preSolution
		HideSolutionNode = FALSE
	EndGlobalSection
	GlobalSection(ExtensibilityGlobals) = postSolution
		SolutionGuid = {19B23623-AAD1-4414-85E5-863BB81676F6}
	EndGlobalSection
EndGlobal
